
Microsoft Visual Studio Solution File, Format Version 12.00
# Visual Studio 15
VisualStudioVersion = 15.0.28307.757
MinimumVisualStudioVersion = 10.0.40219.1
Project("{2150E333-8FDC-42A3-9474-1A3956D46DE8}") = "0 - Presentation", "0 - Presentation", "{6BF9B6E9-5FDC-4FCE-8697-58B341A2111E}"
EndProject
Project("{2150E333-8FDC-42A3-9474-1A3956D46DE8}") = "1 - Services", "1 - Services", "{FE2D19C4-373D-4114-B86E-FDCE34692923}"
EndProject
Project("{2150E333-8FDC-42A3-9474-1A3956D46DE8}") = "2 - Application", "2 - Application", "{8FB3D98F-DD9B-4C37-962B-795A245F0E7E}"
EndProject
Project("{2150E333-8FDC-42A3-9474-1A3956D46DE8}") = "3 - Domain", "3 - Domain", "{F1E195A1-E030-4F7C-A735-254CCAB52746}"
EndProject
Project("{2150E333-8FDC-42A3-9474-1A3956D46DE8}") = "4 - Infra", "4 - Infra", "{D68AF455-FB6E-4972-A22C-DDB9128B8A46}"
EndProject
Project("{9A19103F-16F7-4668-BE54-9A1E7A4F7556}") = "Financial.Domain", "Financial.Domain\Financial.Domain.csproj", "{8656E8D1-8EE8-4B50-A14D-350C86916054}"
EndProject
Project("{9A19103F-16F7-4668-BE54-9A1E7A4F7556}") = "Financial.Service", "Financial.Service\Financial.Service.csproj", "{7FC565F3-5273-4E4E-8ADE-0B48FB16043B}"
EndProject
Project("{9A19103F-16F7-4668-BE54-9A1E7A4F7556}") = "Financial.Application", "Financial.Application\Financial.Application.csproj", "{D7FC5CE9-DE72-4038-BABB-825BCDF9B77C}"
EndProject
Project("{FAE04EC0-301F-11D3-BF4B-00C04F79EFBC}") = "Financial.WebApi", "Financial.WebApi\Financial.WebApi.csproj", "{95DD03A4-3092-4BC1-BBA1-40BB9DB1D75D}"
EndProject
Project("{FAE04EC0-301F-11D3-BF4B-00C04F79EFBC}") = "RepoGit.Infra.Data", "RepoGit.Infra.Data\RepoGit.Infra.Data.csproj", "{56F9F250-982E-4B2B-9DF2-FF0DADFC7A5F}"
EndProject
Project("{FAE04EC0-301F-11D3-BF4B-00C04F79EFBC}") = "RepoGit.Domain", "RepoGit.Domain\RepoGit.Domain.csproj", "{9265E516-475C-4642-9CF6-B1EE9EF60D77}"
EndProject
Project("{FAE04EC0-301F-11D3-BF4B-00C04F79EFBC}") = "RepoGit.Application", "RepoGit.Application\RepoGit.Application.csproj", "{14BFBECD-5DCB-41A4-9F49-7CFCF9388BD7}"
EndProject
Project("{2150E333-8FDC-42A3-9474-1A3956D46DE8}") = "5 - Testes", "5 - Testes", "{3D83828D-AE69-4953-A1D0-35BD5E577877}"
EndProject
Project("{FAE04EC0-301F-11D3-BF4B-00C04F79EFBC}") = "Financial.Application.Tests", "Financial.Application.Tests\Financial.Application.Tests.csproj", "{8DC4A86C-40EB-4943-8FE1-2D95D55B5CA7}"
EndProject
Global
	GlobalSection(SolutionConfigurationPlatforms) = preSolution
		Debug|Any CPU = Debug|Any CPU
		Release|Any CPU = Release|Any CPU
	EndGlobalSection
	GlobalSection(ProjectConfigurationPlatforms) = postSolution
		{8656E8D1-8EE8-4B50-A14D-350C86916054}.Debug|Any CPU.ActiveCfg = Debug|Any CPU
		{8656E8D1-8EE8-4B50-A14D-350C86916054}.Debug|Any CPU.Build.0 = Debug|Any CPU
		{8656E8D1-8EE8-4B50-A14D-350C86916054}.Release|Any CPU.ActiveCfg = Release|Any CPU
		{8656E8D1-8EE8-4B50-A14D-350C86916054}.Release|Any CPU.Build.0 = Release|Any CPU
		{7FC565F3-5273-4E4E-8ADE-0B48FB16043B}.Debug|Any CPU.ActiveCfg = Debug|Any CPU
		{7FC565F3-5273-4E4E-8ADE-0B48FB16043B}.Debug|Any CPU.Build.0 = Debug|Any CPU
		{7FC565F3-5273-4E4E-8ADE-0B48FB16043B}.Release|Any CPU.ActiveCfg = Release|Any CPU
		{7FC565F3-5273-4E4E-8ADE-0B48FB16043B}.Release|Any CPU.Build.0 = Release|Any CPU
		{D7FC5CE9-DE72-4038-BABB-825BCDF9B77C}.Debug|Any CPU.ActiveCfg = Debug|Any CPU
		{D7FC5CE9-DE72-4038-BABB-825BCDF9B77C}.Debug|Any CPU.Build.0 = Debug|Any CPU
		{D7FC5CE9-DE72-4038-BABB-825BCDF9B77C}.Release|Any CPU.ActiveCfg = Release|Any CPU
		{D7FC5CE9-DE72-4038-BABB-825BCDF9B77C}.Release|Any CPU.Build.0 = Release|Any CPU
		{95DD03A4-3092-4BC1-BBA1-40BB9DB1D75D}.Debug|Any CPU.ActiveCfg = Debug|Any CPU
		{95DD03A4-3092-4BC1-BBA1-40BB9DB1D75D}.Debug|Any CPU.Build.0 = Debug|Any CPU
		{95DD03A4-3092-4BC1-BBA1-40BB9DB1D75D}.Release|Any CPU.ActiveCfg = Release|Any CPU
		{95DD03A4-3092-4BC1-BBA1-40BB9DB1D75D}.Release|Any CPU.Build.0 = Release|Any CPU
		{56F9F250-982E-4B2B-9DF2-FF0DADFC7A5F}.Debug|Any CPU.ActiveCfg = Debug|Any CPU
		{56F9F250-982E-4B2B-9DF2-FF0DADFC7A5F}.Debug|Any CPU.Build.0 = Debug|Any CPU
		{56F9F250-982E-4B2B-9DF2-FF0DADFC7A5F}.Release|Any CPU.ActiveCfg = Release|Any CPU
		{56F9F250-982E-4B2B-9DF2-FF0DADFC7A5F}.Release|Any CPU.Build.0 = Release|Any CPU
		{9265E516-475C-4642-9CF6-B1EE9EF60D77}.Debug|Any CPU.ActiveCfg = Debug|Any CPU
		{9265E516-475C-4642-9CF6-B1EE9EF60D77}.Debug|Any CPU.Build.0 = Debug|Any CPU
		{9265E516-475C-4642-9CF6-B1EE9EF60D77}.Release|Any CPU.ActiveCfg = Release|Any CPU
		{9265E516-475C-4642-9CF6-B1EE9EF60D77}.Release|Any CPU.Build.0 = Release|Any CPU
		{14BFBECD-5DCB-41A4-9F49-7CFCF9388BD7}.Debug|Any CPU.ActiveCfg = Debug|Any CPU
		{14BFBECD-5DCB-41A4-9F49-7CFCF9388BD7}.Debug|Any CPU.Build.0 = Debug|Any CPU
		{14BFBECD-5DCB-41A4-9F49-7CFCF9388BD7}.Release|Any CPU.ActiveCfg = Release|Any CPU
		{14BFBECD-5DCB-41A4-9F49-7CFCF9388BD7}.Release|Any CPU.Build.0 = Release|Any CPU
		{8DC4A86C-40EB-4943-8FE1-2D95D55B5CA7}.Debug|Any CPU.ActiveCfg = Debug|Any CPU
		{8DC4A86C-40EB-4943-8FE1-2D95D55B5CA7}.Debug|Any CPU.Build.0 = Debug|Any CPU
		{8DC4A86C-40EB-4943-8FE1-2D95D55B5CA7}.Release|Any CPU.ActiveCfg = Release|Any CPU
		{8DC4A86C-40EB-4943-8FE1-2D95D55B5CA7}.Release|Any CPU.Build.0 = Release|Any CPU
	EndGlobalSection
	GlobalSection(SolutionProperties) = preSolution
		HideSolutionNode = FALSE
	EndGlobalSection
	GlobalSection(NestedProjects) = preSolution
		{8656E8D1-8EE8-4B50-A14D-350C86916054} = {F1E195A1-E030-4F7C-A735-254CCAB52746}
		{7FC565F3-5273-4E4E-8ADE-0B48FB16043B} = {FE2D19C4-373D-4114-B86E-FDCE34692923}
		{D7FC5CE9-DE72-4038-BABB-825BCDF9B77C} = {8FB3D98F-DD9B-4C37-962B-795A245F0E7E}
		{95DD03A4-3092-4BC1-BBA1-40BB9DB1D75D} = {6BF9B6E9-5FDC-4FCE-8697-58B341A2111E}
		{56F9F250-982E-4B2B-9DF2-FF0DADFC7A5F} = {D68AF455-FB6E-4972-A22C-DDB9128B8A46}
		{9265E516-475C-4642-9CF6-B1EE9EF60D77} = {F1E195A1-E030-4F7C-A735-254CCAB52746}
		{14BFBECD-5DCB-41A4-9F49-7CFCF9388BD7} = {8FB3D98F-DD9B-4C37-962B-795A245F0E7E}
		{8DC4A86C-40EB-4943-8FE1-2D95D55B5CA7} = {3D83828D-AE69-4953-A1D0-35BD5E577877}
	EndGlobalSection
	GlobalSection(ExtensibilityGlobals) = postSolution
		SolutionGuid = {5880433F-2B9F-417F-95B6-9E11CCC6AB90}
	EndGlobalSection
EndGlobal
